lockfileVersion: '6.0'

settings:
  autoInstallPeers: true
  excludeLinksFromLockfile: false

dependencies:
  '@types/hexo':
    specifier: ^3.8.8
    version: 3.8.12

packages:

  /@types/bluebird@3.5.42:
    resolution: {integrity: sha512-Jhy+MWRlro6UjVi578V/4ZGNfeCOcNCp0YaFNIUGFKlImowqwb1O/22wDVk3FDGMLqxdpOV3qQHD5fPEH4hK6A==}
    dev: false

  /@types/bunyan@1.8.11:
    resolution: {integrity: sha512-758fRH7umIMk5qt5ELmRMff4mLDlN+xyYzC+dkPTdKwbSkJFvz6xwyScrytPU0QIBbRRwbiE8/BIg8bpajerNQ==}
    dependencies:
      '@types/node': 20.11.30
    dev: false

  /@types/connect@3.4.38:
    resolution: {integrity: sha512-K6uROf1LD88uDQqJCktA4yzL1YYAK6NgfsI0v/mTgyPKWsX1CnJ0XPSDhViejru1GcRkLWb8RlzFYJRqGUbaug==}
    dependencies:
      '@types/node': 20.11.30
    dev: false

  /@types/hexo-util@0.6.8:
    resolution: {integrity: sha512-H2gDjGfVC+r7ui+n0qb/cdmVr1y/hkJYnjRI1PxGocQ9iQJQlmeTOUJdkY9MJoYSF2qy1do9sjdCulnGKT9Uzw==}
    dependencies:
      '@types/node': 20.11.30
    dev: false

  /@types/hexo@3.8.12:
    resolution: {integrity: sha512-WttgP54oseh0lp0ad3WwZBvaUmIZg1LeaiYgYWKbtHgYl7a3nHBYLpkIdz0xuUItFiakh15PNMcYJwurfR6K1w==}
    dependencies:
      '@types/bluebird': 3.5.42
      '@types/bunyan': 1.8.11
      '@types/connect': 3.4.38
      '@types/hexo-util': 0.6.8
      '@types/minimist': 1.2.5
      '@types/underscore': 1.11.15
      moment: 2.30.1
    dev: false

  /@types/minimist@1.2.5:
    resolution: {integrity: sha512-hov8bUuiLiyFPGyFPE1lwWhmzYbirOXQNNo40+y3zow8aFVTeyn3VWL0VFFfdNddA8S4Vf0Tc062rzyNr7Paag==}
    dev: false

  /@types/node@20.11.30:
    resolution: {integrity: sha512-dHM6ZxwlmuZaRmUPfv1p+KrdD1Dci04FbdEm/9wEMouFqxYoFl5aMkt0VMAUtYRQDyYvD41WJLukhq/ha3YuTw==}
    dependencies:
      undici-types: 5.26.5
    dev: false

  /@types/underscore@1.11.15:
    resolution: {integrity: sha512-HP38xE+GuWGlbSRq9WrZkousaQ7dragtZCruBVMi0oX1migFZavZ3OROKHSkNp/9ouq82zrWtZpg18jFnVN96g==}
    dev: false

  /moment@2.30.1:
    resolution: {integrity: sha512-uEmtNhbDOrWPFS+hdjFCBfy9f2YoyzRpwcl+DqpC6taX21FzsTLQVbMV/W7PzNSX6x/bhC1zA3c2UQ5NzH6how==}
    dev: false

  /undici-types@5.26.5:
    resolution: {integrity: sha512-JlCMO+ehdEIKqlFxk6IfVoAUVmgz7cU7zD/h9XZ0qzeosSHmUJVOzSQvvYSYWXkFXC+IfLKSIffhv0sVZup6pA==}
    dev: false
